
Microsoft Visual Studio Solution File, Format Version 12.00
# Visual Studio Version 17
VisualStudioVersion = 17.7.34202.233
MinimumVisualStudioVersion = 10.0.40219.1
Project("{FAE04EC0-301F-11D3-BF4B-00C04F79EFBC}") = "Uçak Bileti Rezervasyon", "Uçak Bileti Rezervasyon\Uçak Bileti Rezervasyon.csproj", "{BE7D855D-E47F-4298-AF84-CC5ED857B733}"
EndProject
Global
	GlobalSection(SolutionConfigurationPlatforms) = preSolution
		Debug|Any CPU = Debug|Any CPU
		Release|Any CPU = Release|Any CPU
	EndGlobalSection
	GlobalSection(ProjectConfigurationPlatforms) = postSolution
		{BE7D855D-E47F-4298-AF84-CC5ED857B733}.Debug|Any CPU.ActiveCfg = Debug|Any CPU
		{BE7D855D-E47F-4298-AF84-CC5ED857B733}.Debug|Any CPU.Build.0 = Debug|Any CPU
		{BE7D855D-E47F-4298-AF84-CC5ED857B733}.Release|Any CPU.ActiveCfg = Release|Any CPU
		{BE7D855D-E47F-4298-AF84-CC5ED857B733}.Release|Any CPU.Build.0 = Release|Any CPU
	EndGlobalSection
	GlobalSection(SolutionProperties) = preSolution
		HideSolutionNode = FALSE
	EndGlobalSection
	GlobalSection(ExtensibilityGlobals) = postSolution
		SolutionGuid = {49D0F977-D4D7-4DAE-B1CF-971C7A54C817}
	EndGlobalSection
EndGlobal
