
Microsoft Visual Studio Solution File, Format Version 12.00
# Visual Studio Version 17
VisualStudioVersion = 17.7.34202.233
MinimumVisualStudioVersion = 10.0.40219.1
Project("{FAE04EC0-301F-11D3-BF4B-00C04F79EFBC}") = "Giriş Paneli", "Giriş Paneli\Giriş Paneli.csproj", "{775AB59E-FADE-4646-BD82-4382CE9F04F7}"
EndProject
Global
	GlobalSection(SolutionConfigurationPlatforms) = preSolution
		Debug|Any CPU = Debug|Any CPU
		Release|Any CPU = Release|Any CPU
	EndGlobalSection
	GlobalSection(ProjectConfigurationPlatforms) = postSolution
		{775AB59E-FADE-4646-BD82-4382CE9F04F7}.Debug|Any CPU.ActiveCfg = Debug|Any CPU
		{775AB59E-FADE-4646-BD82-4382CE9F04F7}.Debug|Any CPU.Build.0 = Debug|Any CPU
		{775AB59E-FADE-4646-BD82-4382CE9F04F7}.Release|Any CPU.ActiveCfg = Release|Any CPU
		{775AB59E-FADE-4646-BD82-4382CE9F04F7}.Release|Any CPU.Build.0 = Release|Any CPU
	EndGlobalSection
	GlobalSection(SolutionProperties) = preSolution
		HideSolutionNode = FALSE
	EndGlobalSection
	GlobalSection(ExtensibilityGlobals) = postSolution
		SolutionGuid = {539FA1E8-9F91-400B-AB98-05B05FBB68DF}
	EndGlobalSection
EndGlobal
