
Microsoft Visual Studio Solution File, Format Version 12.00
# Visual Studio 15
VisualStudioVersion = 15.0.34112.143
MinimumVisualStudioVersion = 10.0.40219.1
Project("{FAE04EC0-301F-11D3-BF4B-00C04F79EFBC}") = "Kitapci_Projesi", "Kitapci_Projesi\Kitapci_Projesi.csproj", "{C84DDBB8-D785-473F-81E8-B031F5BFC9A0}"
EndProject
Global
	GlobalSection(SolutionConfigurationPlatforms) = preSolution
		Debug|Any CPU = Debug|Any CPU
		Release|Any CPU = Release|Any CPU
	EndGlobalSection
	GlobalSection(ProjectConfigurationPlatforms) = postSolution
		{C84DDBB8-D785-473F-81E8-B031F5BFC9A0}.Debug|Any CPU.ActiveCfg = Debug|Any CPU
		{C84DDBB8-D785-473F-81E8-B031F5BFC9A0}.Debug|Any CPU.Build.0 = Debug|Any CPU
		{C84DDBB8-D785-473F-81E8-B031F5BFC9A0}.Release|Any CPU.ActiveCfg = Release|Any CPU
		{C84DDBB8-D785-473F-81E8-B031F5BFC9A0}.Release|Any CPU.Build.0 = Release|Any CPU
	EndGlobalSection
	GlobalSection(SolutionProperties) = preSolution
		HideSolutionNode = FALSE
	EndGlobalSection
	GlobalSection(ExtensibilityGlobals) = postSolution
		SolutionGuid = {96457B22-45D4-4C9B-90E7-2D90A4BEFEBE}
	EndGlobalSection
EndGlobal
