
Microsoft Visual Studio Solution File, Format Version 12.00
# Visual Studio 15
VisualStudioVersion = 15.0.34112.143
MinimumVisualStudioVersion = 10.0.40219.1
Project("{FAE04EC0-301F-11D3-BF4B-00C04F79EFBC}") = "Timer_Proje", "Timer_Proje\Timer_Proje.csproj", "{ADF6B3C1-D0FF-4296-BC32-0A517B23ECA0}"
EndProject
Global
	GlobalSection(SolutionConfigurationPlatforms) = preSolution
		Debug|Any CPU = Debug|Any CPU
		Release|Any CPU = Release|Any CPU
	EndGlobalSection
	GlobalSection(ProjectConfigurationPlatforms) = postSolution
		{ADF6B3C1-D0FF-4296-BC32-0A517B23ECA0}.Debug|Any CPU.ActiveCfg = Debug|Any CPU
		{ADF6B3C1-D0FF-4296-BC32-0A517B23ECA0}.Debug|Any CPU.Build.0 = Debug|Any CPU
		{ADF6B3C1-D0FF-4296-BC32-0A517B23ECA0}.Release|Any CPU.ActiveCfg = Release|Any CPU
		{ADF6B3C1-D0FF-4296-BC32-0A517B23ECA0}.Release|Any CPU.Build.0 = Release|Any CPU
	EndGlobalSection
	GlobalSection(SolutionProperties) = preSolution
		HideSolutionNode = FALSE
	EndGlobalSection
	GlobalSection(ExtensibilityGlobals) = postSolution
		SolutionGuid = {154CB2F5-70FC-4140-AE42-0128F9499651}
	EndGlobalSection
EndGlobal
